
Microsoft Visual Studio Solution File, Format Version 12.00
# Visual Studio Version 17
VisualStudioVersion = 17.9.34701.34
MinimumVisualStudioVersion = 10.0.40219.1
Project("{FAE04EC0-301F-11D3-BF4B-00C04F79EFBC}") = "Cyb_lab", "Cyb_lab\Cyb_lab.csproj", "{095509A5-9546-4DD3-869E-C7055EB428CC}"
EndProject
Global
	GlobalSection(SolutionConfigurationPlatforms) = preSolution
		Debug|Any CPU = Debug|Any CPU
		Release|Any CPU = Release|Any CPU
	EndGlobalSection
	GlobalSection(ProjectConfigurationPlatforms) = postSolution
		{095509A5-9546-4DD3-869E-C7055EB428CC}.Debug|Any CPU.ActiveCfg = Debug|Any CPU
		{095509A5-9546-4DD3-869E-C7055EB428CC}.Debug|Any CPU.Build.0 = Debug|Any CPU
		{095509A5-9546-4DD3-869E-C7055EB428CC}.Release|Any CPU.ActiveCfg = Release|Any CPU
		{095509A5-9546-4DD3-869E-C7055EB428CC}.Release|Any CPU.Build.0 = Release|Any CPU
	EndGlobalSection
	GlobalSection(SolutionProperties) = preSolution
		HideSolutionNode = FALSE
	EndGlobalSection
	GlobalSection(ExtensibilityGlobals) = postSolution
		SolutionGuid = {0BEC46D4-9230-4415-BF99-E04696989996}
	EndGlobalSection
EndGlobal
